
Microsoft Visual Studio Solution File, Format Version 12.00
# Visual Studio Version 17
VisualStudioVersion = 17.6.33801.468
MinimumVisualStudioVersion = 10.0.40219.1
Project("{FAE04EC0-301F-11D3-BF4B-00C04F79EFBC}") = "p2", "p2\p2.csproj", "{DD03D972-6E69-418E-8976-41DA0E86BFBB}"
EndProject
Global
	GlobalSection(SolutionConfigurationPlatforms) = preSolution
		Debug|Any CPU = Debug|Any CPU
		Release|Any CPU = Release|Any CPU
	EndGlobalSection
	GlobalSection(ProjectConfigurationPlatforms) = postSolution
		{DD03D972-6E69-418E-8976-41DA0E86BFBB}.Debug|Any CPU.ActiveCfg = Debug|Any CPU
		{DD03D972-6E69-418E-8976-41DA0E86BFBB}.Debug|Any CPU.Build.0 = Debug|Any CPU
		{DD03D972-6E69-418E-8976-41DA0E86BFBB}.Release|Any CPU.ActiveCfg = Release|Any CPU
		{DD03D972-6E69-418E-8976-41DA0E86BFBB}.Release|Any CPU.Build.0 = Release|Any CPU
	EndGlobalSection
	GlobalSection(SolutionProperties) = preSolution
		HideSolutionNode = FALSE
	EndGlobalSection
	GlobalSection(ExtensibilityGlobals) = postSolution
		SolutionGuid = {5349DFEB-6F67-415C-BEAD-2C17597A9B56}
	EndGlobalSection
EndGlobal
